// !$*UTF8*$!
{
	archiveVersion = 1;
	classes = {
	};
	objectVersion = 56;
	objects = {

/* Begin PBXBuildFile section */
		45D791612C7157FF0047F449 /* AppDelegate.swift in Sources */ = {isa = PBXBuildFile; fileRef = 45D791602C7157FF0047F449 /* AppDelegate.swift */; };
		45D791632C7157FF0047F449 /* SceneDelegate.swift in Sources */ = {isa = PBXBuildFile; fileRef = 45D791622C7157FF0047F449 /* SceneDelegate.swift */; };
		45D791652C7157FF0047F449 /* ViewController.swift in Sources */ = {isa = PBXBuildFile; fileRef = 45D791642C7157FF0047F449 /* ViewController.swift */; };
		45D791682C7157FF0047F449 /* Base in Resources */ = {isa = PBXBuildFile; fileRef = 45D791672C7157FF0047F449 /* Base */; };
		45D7916A2C7158000047F449 /* Assets.xcassets in Resources */ = {isa = PBXBuildFile; fileRef = 45D791692C7158000047F449 /* Assets.xcassets */; };
		45D7916D2C7158000047F449 /* Base in Resources */ = {isa = PBXBuildFile; fileRef = 45D7916C2C7158000047F449 /* Base */; };
		45D791782C7158000047F449 /* WeatherApplicaitonTests.swift in Sources */ = {isa = PBXBuildFile; fileRef = 45D791772C7158000047F449 /* WeatherApplicaitonTests.swift */; };
		45D791822C7158000047F449 /* WeatherApplicaitonUITests.swift in Sources */ = {isa = PBXBuildFile; fileRef = 45D791812C7158000047F449 /* WeatherApplicaitonUITests.swift */; };
		45D791842C7158000047F449 /* WeatherApplicaitonUITestsLaunchTests.swift in Sources */ = {isa = PBXBuildFile; fileRef = 45D791832C7158000047F449 /* WeatherApplicaitonUITestsLaunchTests.swift */; };
		45D791942C71592F0047F449 /* Weather.swift in Sources */ = {isa = PBXBuildFile; fileRef = 45D791932C71592F0047F449 /* Weather.swift */; };
		45D791962C7159530047F449 /* WeatherInfo.swift in Sources */ = {isa = PBXBuildFile; fileRef = 45D791952C7159530047F449 /* WeatherInfo.swift */; };
		45D791982C7159EC0047F449 /* WeatherViewModel.swift in Sources */ = {isa = PBXBuildFile; fileRef = 45D791972C7159EC0047F449 /* WeatherViewModel.swift */; };
		45D7919A2C715A2A0047F449 /* UIStyles.swift in Sources */ = {isa = PBXBuildFile; fileRef = 45D791992C715A2A0047F449 /* UIStyles.swift */; };
		45D7919C2C715A3E0047F449 /* ErrorView.swift in Sources */ = {isa = PBXBuildFile; fileRef = 45D7919B2C715A3E0047F449 /* ErrorView.swift */; };
		45D7919F2C715B4A0047F449 /* NetworkState.swift in Sources */ = {isa = PBXBuildFile; fileRef = 45D7919E2C715B4A0047F449 /* NetworkState.swift */; };
		45D791A12C715B5A0047F449 /* LocationManager.swift in Sources */ = {isa = PBXBuildFile; fileRef = 45D791A02C715B5A0047F449 /* LocationManager.swift */; };
		45D791A32C715B9F0047F449 /* WeatherConstants.swift in Sources */ = {isa = PBXBuildFile; fileRef = 45D791A22C715B9F0047F449 /* WeatherConstants.swift */; };
		45D791A62C71605F0047F449 /* WeatherServices.swift in Sources */ = {isa = PBXBuildFile; fileRef = 45D791A52C71605F0047F449 /* WeatherServices.swift */; };
		45D791A92C7160B70047F449 /* WeatherCell.swift in Sources */ = {isa = PBXBuildFile; fileRef = 45D791A82C7160B70047F449 /* WeatherCell.swift */; };
		45D791AB2C7164F80047F449 /* WeatherListView.swift in Sources */ = {isa = PBXBuildFile; fileRef = 45D791AA2C7164F80047F449 /* WeatherListView.swift */; };
		45D791AD2C7168810047F449 /* EmptyWeatherListView.swift in Sources */ = {isa = PBXBuildFile; fileRef = 45D791AC2C7168810047F449 /* EmptyWeatherListView.swift */; };
		45D791AF2C7170D90047F449 /* WeatherApplicationViewModelTests.swift in Sources */ = {isa = PBXBuildFile; fileRef = 45D791AE2C7170D90047F449 /* WeatherApplicationViewModelTests.swift */; };
		45D791B22C7179D90047F449 /* weather_failure.json in Resources */ = {isa = PBXBuildFile; fileRef = 45D791B12C7179D90047F449 /* weather_failure.json */; };
		45D791B52C717AE60047F449 /* weather_search.json in Resources */ = {isa = PBXBuildFile; fileRef = 45D791B32C717AE60047F449 /* weather_search.json */; };
		45D791B62C717AE60047F449 /* weather_latlon.json in Resources */ = {isa = PBXBuildFile; fileRef = 45D791B42C717AE60047F449 /* weather_latlon.json */; };
/* End PBXBuildFile section */

/* Begin PBXContainerItemProxy section */
		45D791742C7158000047F449 /* PBXContainerItemProxy */ = {
			isa = PBXContainerItemProxy;
			containerPortal = 45D791552C7157FF0047F449 /* Project object */;
			proxyType = 1;
			remoteGlobalIDString = 45D7915C2C7157FF0047F449;
			remoteInfo = WeatherApplicaiton;
		};
		45D7917E2C7158000047F449 /* PBXContainerItemProxy */ = {
			isa = PBXContainerItemProxy;
			containerPortal = 45D791552C7157FF0047F449 /* Project object */;
			proxyType = 1;
			remoteGlobalIDString = 45D7915C2C7157FF0047F449;
			remoteInfo = WeatherApplicaiton;
		};
/* End PBXContainerItemProxy section */

/* Begin PBXFileReference section */
		45D7915D2C7157FF0047F449 /* WeatherApplicaiton.app */ = {isa = PBXFileReference; explicitFileType = wrapper.application; includeInIndex = 0; path = WeatherApplicaiton.app; sourceTree = BUILT_PRODUCTS_DIR; };
		45D791602C7157FF0047F449 /* AppDelegate.swift */ = {isa = PBXFileReference; lastKnownFileType = sourcecode.swift; path = AppDelegate.swift; sourceTree = "<group>"; };
		45D791622C7157FF0047F449 /* SceneDelegate.swift */ = {isa = PBXFileReference; lastKnownFileType = sourcecode.swift; path = SceneDelegate.swift; sourceTree = "<group>"; };
		45D791642C7157FF0047F449 /* ViewController.swift */ = {isa = PBXFileReference; lastKnownFileType = sourcecode.swift; path = ViewController.swift; sourceTree = "<group>"; };
		45D791672C7157FF0047F449 /* Base */ = {isa = PBXFileReference; lastKnownFileType = file.storyboard; name = Base; path = Base.lproj/Main.storyboard; sourceTree = "<group>"; };
		45D791692C7158000047F449 /* Assets.xcassets */ = {isa = PBXFileReference; lastKnownFileType = folder.assetcatalog; path = Assets.xcassets; sourceTree = "<group>"; };
		45D7916C2C7158000047F449 /* Base */ = {isa = PBXFileReference; lastKnownFileType = file.storyboard; name = Base; path = Base.lproj/LaunchScreen.storyboard; sourceTree = "<group>"; };
		45D7916E2C7158000047F449 /* Info.plist */ = {isa = PBXFileReference; lastKnownFileType = text.plist.xml; path = Info.plist; sourceTree = "<group>"; };
		45D791732C7158000047F449 /* WeatherApplicaitonTests.xctest */ = {isa = PBXFileReference; explicitFileType = wrapper.cfbundle; includeInIndex = 0; path = WeatherApplicaitonTests.xctest; sourceTree = BUILT_PRODUCTS_DIR; };
		45D791772C7158000047F449 /* WeatherApplicaitonTests.swift */ = {isa = PBXFileReference; lastKnownFileType = sourcecode.swift; path = WeatherApplicaitonTests.swift; sourceTree = "<group>"; };
		45D7917D2C7158000047F449 /* WeatherApplicaitonUITests.xctest */ = {isa = PBXFileReference; explicitFileType = wrapper.cfbundle; includeInIndex = 0; path = WeatherApplicaitonUITests.xctest; sourceTree = BUILT_PRODUCTS_DIR; };
		45D791812C7158000047F449 /* WeatherApplicaitonUITests.swift */ = {isa = PBXFileReference; lastKnownFileType = sourcecode.swift; path = WeatherApplicaitonUITests.swift; sourceTree = "<group>"; };
		45D791832C7158000047F449 /* WeatherApplicaitonUITestsLaunchTests.swift */ = {isa = PBXFileReference; lastKnownFileType = sourcecode.swift; path = WeatherApplicaitonUITestsLaunchTests.swift; sourceTree = "<group>"; };
		45D791932C71592F0047F449 /* Weather.swift */ = {isa = PBXFileReference; lastKnownFileType = sourcecode.swift; path = Weather.swift; sourceTree = "<group>"; };
		45D791952C7159530047F449 /* WeatherInfo.swift */ = {isa = PBXFileReference; lastKnownFileType = sourcecode.swift; path = WeatherInfo.swift; sourceTree = "<group>"; };
		45D791972C7159EC0047F449 /* WeatherViewModel.swift */ = {isa = PBXFileReference; lastKnownFileType = sourcecode.swift; path = WeatherViewModel.swift; sourceTree = "<group>"; };
		45D791992C715A2A0047F449 /* UIStyles.swift */ = {isa = PBXFileReference; lastKnownFileType = sourcecode.swift; path = UIStyles.swift; sourceTree = "<group>"; };
		45D7919B2C715A3E0047F449 /* ErrorView.swift */ = {isa = PBXFileReference; lastKnownFileType = sourcecode.swift; path = ErrorView.swift; sourceTree = "<group>"; };
		45D7919E2C715B4A0047F449 /* NetworkState.swift */ = {isa = PBXFileReference; lastKnownFileType = sourcecode.swift; path = NetworkState.swift; sourceTree = "<group>"; };
		45D791A02C715B5A0047F449 /* LocationManager.swift */ = {isa = PBXFileReference; lastKnownFileType = sourcecode.swift; path = LocationManager.swift; sourceTree = "<group>"; };
		45D791A22C715B9F0047F449 /* WeatherConstants.swift */ = {isa = PBXFileReference; lastKnownFileType = sourcecode.swift; path = WeatherConstants.swift; sourceTree = "<group>"; };
		45D791A52C71605F0047F449 /* WeatherServices.swift */ = {isa = PBXFileReference; lastKnownFileType = sourcecode.swift; path = WeatherServices.swift; sourceTree = "<group>"; };
		45D791A82C7160B70047F449 /* WeatherCell.swift */ = {isa = PBXFileReference; lastKnownFileType = sourcecode.swift; path = WeatherCell.swift; sourceTree = "<group>"; };
		45D791AA2C7164F80047F449 /* WeatherListView.swift */ = {isa = PBXFileReference; lastKnownFileType = sourcecode.swift; path = WeatherListView.swift; sourceTree = "<group>"; };
		45D791AC2C7168810047F449 /* EmptyWeatherListView.swift */ = {isa = PBXFileReference; lastKnownFileType = sourcecode.swift; path = EmptyWeatherListView.swift; sourceTree = "<group>"; };
		45D791AE2C7170D90047F449 /* WeatherApplicationViewModelTests.swift */ = {isa = PBXFileReference; lastKnownFileType = sourcecode.swift; path = WeatherApplicationViewModelTests.swift; sourceTree = "<group>"; };
		45D791B12C7179D90047F449 /* weather_failure.json */ = {isa = PBXFileReference; lastKnownFileType = text.json; path = weather_failure.json; sourceTree = "<group>"; };
		45D791B32C717AE60047F449 /* weather_search.json */ = {isa = PBXFileReference; fileEncoding = 4; lastKnownFileType = text.json; path = weather_search.json; sourceTree = "<group>"; };
		45D791B42C717AE60047F449 /* weather_latlon.json */ = {isa = PBXFileReference; fileEncoding = 4; lastKnownFileType = text.json; path = weather_latlon.json; sourceTree = "<group>"; };
/* End PBXFileReference section */

/* Begin PBXFrameworksBuildPhase section */
		45D7915A2C7157FF0047F449 /* Frameworks */ = {
			isa = PBXFrameworksBuildPhase;
			buildActionMask = 2147483647;
			files = (
			);
			runOnlyForDeploymentPostprocessing = 0;
		};
		45D791702C7158000047F449 /* Frameworks */ = {
			isa = PBXFrameworksBuildPhase;
			buildActionMask = 2147483647;
			files = (
			);
			runOnlyForDeploymentPostprocessing = 0;
		};
		45D7917A2C7158000047F449 /* Frameworks */ = {
			isa = PBXFrameworksBuildPhase;
			buildActionMask = 2147483647;
			files = (
			);
			runOnlyForDeploymentPostprocessing = 0;
		};
/* End PBXFrameworksBuildPhase section */

/* Begin PBXGroup section */
		45D791542C7157FF0047F449 = {
			isa = PBXGroup;
			children = (
				45D7915F2C7157FF0047F449 /* WeatherApplicaiton */,
				45D791902C71587A0047F449 /* WeatherList */,
				45D791A72C7160960047F449 /* CommonViews */,
				45D791A42C71602E0047F449 /* Network */,
				45D791762C7158000047F449 /* WeatherApplicaitonTests */,
				45D791802C7158000047F449 /* WeatherApplicaitonUITests */,
				45D7915E2C7157FF0047F449 /* Products */,
			);
			sourceTree = "<group>";
		};
		45D7915E2C7157FF0047F449 /* Products */ = {
			isa = PBXGroup;
			children = (
				45D7915D2C7157FF0047F449 /* WeatherApplicaiton.app */,
				45D791732C7158000047F449 /* WeatherApplicaitonTests.xctest */,
				45D7917D2C7158000047F449 /* WeatherApplicaitonUITests.xctest */,
			);
			name = Products;
			sourceTree = "<group>";
		};
		45D7915F2C7157FF0047F449 /* WeatherApplicaiton */ = {
			isa = PBXGroup;
			children = (
				45D791602C7157FF0047F449 /* AppDelegate.swift */,
				45D791622C7157FF0047F449 /* SceneDelegate.swift */,
				45D791642C7157FF0047F449 /* ViewController.swift */,
				45D791662C7157FF0047F449 /* Main.storyboard */,
				45D791692C7158000047F449 /* Assets.xcassets */,
				45D7916B2C7158000047F449 /* LaunchScreen.storyboard */,
				45D7916E2C7158000047F449 /* Info.plist */,
			);
			path = WeatherApplicaiton;
			sourceTree = "<group>";
		};
		45D791762C7158000047F449 /* WeatherApplicaitonTests */ = {
			isa = PBXGroup;
			children = (
				45D791772C7158000047F449 /* WeatherApplicaitonTests.swift */,
				45D791AE2C7170D90047F449 /* WeatherApplicationViewModelTests.swift */,
				45D791B12C7179D90047F449 /* weather_failure.json */,
				45D791B42C717AE60047F449 /* weather_latlon.json */,
				45D791B32C717AE60047F449 /* weather_search.json */,
			);
			path = WeatherApplicaitonTests;
			sourceTree = "<group>";
		};
		45D791802C7158000047F449 /* WeatherApplicaitonUITests */ = {
			isa = PBXGroup;
			children = (
				45D791812C7158000047F449 /* WeatherApplicaitonUITests.swift */,
				45D791832C7158000047F449 /* WeatherApplicaitonUITestsLaunchTests.swift */,
			);
			path = WeatherApplicaitonUITests;
			sourceTree = "<group>";
		};
		45D791902C71587A0047F449 /* WeatherList */ = {
			isa = PBXGroup;
			children = (
				45D791922C7158C80047F449 /* Common */,
				45D791912C7158BA0047F449 /* Model */,
			);
			path = WeatherList;
			sourceTree = "<group>";
		};
		45D791912C7158BA0047F449 /* Model */ = {
			isa = PBXGroup;
			children = (
				45D791932C71592F0047F449 /* Weather.swift */,
				45D791952C7159530047F449 /* WeatherInfo.swift */,
				45D791972C7159EC0047F449 /* WeatherViewModel.swift */,
			);
			path = Model;
			sourceTree = "<group>";
		};
		45D791922C7158C80047F449 /* Common */ = {
			isa = PBXGroup;
			children = (
				45D791992C715A2A0047F449 /* UIStyles.swift */,
				45D7919B2C715A3E0047F449 /* ErrorView.swift */,
				45D7919E2C715B4A0047F449 /* NetworkState.swift */,
				45D791A02C715B5A0047F449 /* LocationManager.swift */,
				45D791A22C715B9F0047F449 /* WeatherConstants.swift */,
			);
			path = Common;
			sourceTree = "<group>";
		};
		45D791A42C71602E0047F449 /* Network */ = {
			isa = PBXGroup;
			children = (
				45D791A52C71605F0047F449 /* WeatherServices.swift */,
			);
			path = Network;
			sourceTree = "<group>";
		};
		45D791A72C7160960047F449 /* CommonViews */ = {
			isa = PBXGroup;
			children = (
				45D791A82C7160B70047F449 /* WeatherCell.swift */,
				45D791AA2C7164F80047F449 /* WeatherListView.swift */,
				45D791AC2C7168810047F449 /* EmptyWeatherListView.swift */,
			);
			path = CommonViews;
			sourceTree = "<group>";
		};
/* End PBXGroup section */

/* Begin PBXNativeTarget section */
		45D7915C2C7157FF0047F449 /* WeatherApplicaiton */ = {
			isa = PBXNativeTarget;
			buildConfigurationList = 45D791872C7158000047F449 /* Build configuration list for PBXNativeTarget "WeatherApplicaiton" */;
			buildPhases = (
				45D791592C7157FF0047F449 /* Sources */,
				45D7915A2C7157FF0047F449 /* Frameworks */,
				45D7915B2C7157FF0047F449 /* Resources */,
			);
			buildRules = (
			);
			dependencies = (
			);
			name = WeatherApplicaiton;
			productName = WeatherApplicaiton;
			productReference = 45D7915D2C7157FF0047F449 /* WeatherApplicaiton.app */;
			productType = "com.apple.product-type.application";
		};
		45D791722C7158000047F449 /* WeatherApplicaitonTests */ = {
			isa = PBXNativeTarget;
			buildConfigurationList = 45D7918A2C7158000047F449 /* Build configuration list for PBXNativeTarget "WeatherApplicaitonTests" */;
			buildPhases = (
				45D7916F2C7158000047F449 /* Sources */,
				45D791702C7158000047F449 /* Frameworks */,
				45D791712C7158000047F449 /* Resources */,
			);
			buildRules = (
			);
			dependencies = (
				45D791752C7158000047F449 /* PBXTargetDependency */,
			);
			name = WeatherApplicaitonTests;
			productName = WeatherApplicaitonTests;
			productReference = 45D791732C7158000047F449 /* WeatherApplicaitonTests.xctest */;
			productType = "com.apple.product-type.bundle.unit-test";
		};
		45D7917C2C7158000047F449 /* WeatherApplicaitonUITests */ = {
			isa = PBXNativeTarget;
			buildConfigurationList = 45D7918D2C7158000047F449 /* Build configuration list for PBXNativeTarget "WeatherApplicaitonUITests" */;
			buildPhases = (
				45D791792C7158000047F449 /* Sources */,
				45D7917A2C7158000047F449 /* Frameworks */,
				45D7917B2C7158000047F449 /* Resources */,
			);
			buildRules = (
			);
			dependencies = (
				45D7917F2C7158000047F449 /* PBXTargetDependency */,
			);
			name = WeatherApplicaitonUITests;
			productName = WeatherApplicaitonUITests;
			productReference = 45D7917D2C7158000047F449 /* WeatherApplicaitonUITests.xctest */;
			productType = "com.apple.product-type.bundle.ui-testing";
		};
/* End PBXNativeTarget section */

/* Begin PBXProject section */
		45D791552C7157FF0047F449 /* Project object */ = {
			isa = PBXProject;
			attributes = {
				BuildIndependentTargetsInParallel = 1;
				LastSwiftUpdateCheck = 1540;
				LastUpgradeCheck = 1540;
				TargetAttributes = {
					45D7915C2C7157FF0047F449 = {
						CreatedOnToolsVersion = 15.4;
					};
					45D791722C7158000047F449 = {
						CreatedOnToolsVersion = 15.4;
						TestTargetID = 45D7915C2C7157FF0047F449;
					};
					45D7917C2C7158000047F449 = {
						CreatedOnToolsVersion = 15.4;
						TestTargetID = 45D7915C2C7157FF0047F449;
					};
				};
			};
			buildConfigurationList = 45D791582C7157FF0047F449 /* Build configuration list for PBXProject "WeatherApplicaiton" */;
			compatibilityVersion = "Xcode 14.0";
			developmentRegion = en;
			hasScannedForEncodings = 0;
			knownRegions = (
				en,
				Base,
			);
			mainGroup = 45D791542C7157FF0047F449;
			productRefGroup = 45D7915E2C7157FF0047F449 /* Products */;
			projectDirPath = "";
			projectRoot = "";
			targets = (
				45D7915C2C7157FF0047F449 /* WeatherApplicaiton */,
				45D791722C7158000047F449 /* WeatherApplicaitonTests */,
				45D7917C2C7158000047F449 /* WeatherApplicaitonUITests */,
			);
		};
/* End PBXProject section */

/* Begin PBXResourcesBuildPhase section */
		45D7915B2C7157FF0047F449 /* Resources */ = {
			isa = PBXResourcesBuildPhase;
			buildActionMask = 2147483647;
			files = (
				45D7916A2C7158000047F449 /* Assets.xcassets in Resources */,
				45D7916D2C7158000047F449 /* Base in Resources */,
				45D791682C7157FF0047F449 /* Base in Resources */,
			);
			runOnlyForDeploymentPostprocessing = 0;
		};
		45D791712C7158000047F449 /* Resources */ = {
			isa = PBXResourcesBuildPhase;
			buildActionMask = 2147483647;
			files = (
				45D791B52C717AE60047F449 /* weather_search.json in Resources */,
				45D791B22C7179D90047F449 /* weather_failure.json in Resources */,
				45D791B62C717AE60047F449 /* weather_latlon.json in Resources */,
			);
			runOnlyForDeploymentPostprocessing = 0;
		};
		45D7917B2C7158000047F449 /* Resources */ = {
			isa = PBXResourcesBuildPhase;
			buildActionMask = 2147483647;
			files = (
			);
			runOnlyForDeploymentPostprocessing = 0;
		};
/* End PBXResourcesBuildPhase section */

/* Begin PBXSourcesBuildPhase section */
		45D791592C7157FF0047F449 /* Sources */ = {
			isa = PBXSourcesBuildPhase;
			buildActionMask = 2147483647;
			files = (
				45D791A62C71605F0047F449 /* WeatherServices.swift in Sources */,
				45D791942C71592F0047F449 /* Weather.swift in Sources */,
				45D791982C7159EC0047F449 /* WeatherViewModel.swift in Sources */,
				45D791A12C715B5A0047F449 /* LocationManager.swift in Sources */,
				45D791A92C7160B70047F449 /* WeatherCell.swift in Sources */,
				45D791A32C715B9F0047F449 /* WeatherConstants.swift in Sources */,
				45D791652C7157FF0047F449 /* ViewController.swift in Sources */,
				45D791AD2C7168810047F449 /* EmptyWeatherListView.swift in Sources */,
				45D791612C7157FF0047F449 /* AppDelegate.swift in Sources */,
				45D7919A2C715A2A0047F449 /* UIStyles.swift in Sources */,
				45D791962C7159530047F449 /* WeatherInfo.swift in Sources */,
				45D7919F2C715B4A0047F449 /* NetworkState.swift in Sources */,
				45D791AB2C7164F80047F449 /* WeatherListView.swift in Sources */,
				45D791632C7157FF0047F449 /* SceneDelegate.swift in Sources */,
				45D7919C2C715A3E0047F449 /* ErrorView.swift in Sources */,
			);
			runOnlyForDeploymentPostprocessing = 0;
		};
		45D7916F2C7158000047F449 /* Sources */ = {
			isa = PBXSourcesBuildPhase;
			buildActionMask = 2147483647;
			files = (
				45D791AF2C7170D90047F449 /* WeatherApplicationViewModelTests.swift in Sources */,
				45D791782C7158000047F449 /* WeatherApplicaitonTests.swift in Sources */,
			);
			runOnlyForDeploymentPostprocessing = 0;
		};
		45D791792C7158000047F449 /* Sources */ = {
			isa = PBXSourcesBuildPhase;
			buildActionMask = 2147483647;
			files = (
				45D791842C7158000047F449 /* WeatherApplicaitonUITestsLaunchTests.swift in Sources */,
				45D791822C7158000047F449 /* WeatherApplicaitonUITests.swift in Sources */,
			);
			runOnlyForDeploymentPostprocessing = 0;
		};
/* End PBXSourcesBuildPhase section */

/* Begin PBXTargetDependency section */
		45D791752C7158000047F449 /* PBXTargetDependency */ = {
			isa = PBXTargetDependency;
			target = 45D7915C2C7157FF0047F449 /* WeatherApplicaiton */;
			targetProxy = 45D791742C7158000047F449 /* PBXContainerItemProxy */;
		};
		45D7917F2C7158000047F449 /* PBXTargetDependency */ = {
			isa = PBXTargetDependency;
			target = 45D7915C2C7157FF0047F449 /* WeatherApplicaiton */;
			targetProxy = 45D7917E2C7158000047F449 /* PBXContainerItemProxy */;
		};
/* End PBXTargetDependency section */

/* Begin PBXVariantGroup section */
		45D791662C7157FF0047F449 /* Main.storyboard */ = {
			isa = PBXVariantGroup;
			children = (
				45D791672C7157FF0047F449 /* Base */,
			);
			name = Main.storyboard;
			sourceTree = "<group>";
		};
		45D7916B2C7158000047F449 /* LaunchScreen.storyboard */ = {
			isa = PBXVariantGroup;
			children = (
				45D7916C2C7158000047F449 /* Base */,
			);
			name = LaunchScreen.storyboard;
			sourceTree = "<group>";
		};
/* End PBXVariantGroup section */

/* Begin XCBuildConfiguration section */
		45D791852C7158000047F449 /* Debug */ = {
			isa = XCBuildConfiguration;
			buildSettings = {
				ALWAYS_SEARCH_USER_PATHS = NO;
				ASSETCATALOG_COMPILER_GENERATE_SWIFT_ASSET_SYMBOL_EXTENSIONS = YES;
				CLANG_ANALYZER_NONNULL = YES;
				CLANG_ANALYZER_NUMBER_OBJECT_CONVERSION = YES_AGGRESSIVE;
				CLANG_CXX_LANGUAGE_STANDARD = "gnu++20";
				CLANG_ENABLE_MODULES = YES;
				CLANG_ENABLE_OBJC_ARC = YES;
				CLANG_ENABLE_OBJC_WEAK = YES;
				CLANG_WARN_BLOCK_CAPTURE_AUTORELEASING = YES;
				CLANG_WARN_BOOL_CONVERSION = YES;
				CLANG_WARN_COMMA = YES;
				CLANG_WARN_CONSTANT_CONVERSION = YES;
				CLANG_WARN_DEPRECATED_OBJC_IMPLEMENTATIONS = YES;
				CLANG_WARN_DIRECT_OBJC_ISA_USAGE = YES_ERROR;
				CLANG_WARN_DOCUMENTATION_COMMENTS = YES;
				CLANG_WARN_EMPTY_BODY = YES;
				CLANG_WARN_ENUM_CONVERSION = YES;
				CLANG_WARN_INFINITE_RECURSION = YES;
				CLANG_WARN_INT_CONVERSION = YES;
				CLANG_WARN_NON_LITERAL_NULL_CONVERSION = YES;
				CLANG_WARN_OBJC_IMPLICIT_RETAIN_SELF = YES;
				CLANG_WARN_OBJC_LITERAL_CONVERSION = YES;
				CLANG_WARN_OBJC_ROOT_CLASS = YES_ERROR;
				CLANG_WARN_QUOTED_INCLUDE_IN_FRAMEWORK_HEADER = YES;
				CLANG_WARN_RANGE_LOOP_ANALYSIS = YES;
				CLANG_WARN_STRICT_PROTOTYPES = YES;
				CLANG_WARN_SUSPICIOUS_MOVE = YES;
				CLANG_WARN_UNGUARDED_AVAILABILITY = YES_AGGRESSIVE;
				CLANG_WARN_UNREACHABLE_CODE = YES;
				CLANG_WARN__DUPLICATE_METHOD_MATCH = YES;
				COPY_PHASE_STRIP = NO;
				DEBUG_INFORMATION_FORMAT = dwarf;
				ENABLE_STRICT_OBJC_MSGSEND = YES;
				ENABLE_TESTABILITY = YES;
				ENABLE_USER_SCRIPT_SANDBOXING = YES;
				GCC_C_LANGUAGE_STANDARD = gnu17;
				GCC_DYNAMIC_NO_PIC = NO;
				GCC_NO_COMMON_BLOCKS = YES;
				GCC_OPTIMIZATION_LEVEL = 0;
				GCC_PREPROCESSOR_DEFINITIONS = (
					"DEBUG=1",
					"$(inherited)",
				);
				GCC_WARN_64_TO_32_BIT_CONVERSION = YES;
				GCC_WARN_ABOUT_RETURN_TYPE = YES_ERROR;
				GCC_WARN_UNDECLARED_SELECTOR = YES;
				GCC_WARN_UNINITIALIZED_AUTOS = YES_AGGRESSIVE;
				GCC_WARN_UNUSED_FUNCTION = YES;
				GCC_WARN_UNUSED_VARIABLE = YES;
				IPHONEOS_DEPLOYMENT_TARGET = 17.5;
				LOCALIZATION_PREFERS_STRING_CATALOGS = YES;
				MTL_ENABLE_DEBUG_INFO = INCLUDE_SOURCE;
				MTL_FAST_MATH = YES;
				ONLY_ACTIVE_ARCH = YES;
				SDKROOT = iphoneos;
				SWIFT_ACTIVE_COMPILATION_CONDITIONS = "DEBUG $(inherited)";
				SWIFT_OPTIMIZATION_LEVEL = "-Onone";
			};
			name = Debug;
		};
		45D791862C7158000047F449 /* Release */ = {
			isa = XCBuildConfiguration;
			buildSettings = {
				ALWAYS_SEARCH_USER_PATHS = NO;
				ASSETCATALOG_COMPILER_GENERATE_SWIFT_ASSET_SYMBOL_EXTENSIONS = YES;
				CLANG_ANALYZER_NONNULL = YES;
				CLANG_ANALYZER_NUMBER_OBJECT_CONVERSION = YES_AGGRESSIVE;
				CLANG_CXX_LANGUAGE_STANDARD = "gnu++20";
				CLANG_ENABLE_MODULES = YES;
				CLANG_ENABLE_OBJC_ARC = YES;
				CLANG_ENABLE_OBJC_WEAK = YES;
				CLANG_WARN_BLOCK_CAPTURE_AUTORELEASING = YES;
				CLANG_WARN_BOOL_CONVERSION = YES;
				CLANG_WARN_COMMA = YES;
				CLANG_WARN_CONSTANT_CONVERSION = YES;
				CLANG_WARN_DEPRECATED_OBJC_IMPLEMENTATIONS = YES;
				CLANG_WARN_DIRECT_OBJC_ISA_USAGE = YES_ERROR;
				CLANG_WARN_DOCUMENTATION_COMMENTS = YES;
				CLANG_WARN_EMPTY_BODY = YES;
				CLANG_WARN_ENUM_CONVERSION = YES;
				CLANG_WARN_INFINITE_RECURSION = YES;
				CLANG_WARN_INT_CONVERSION = YES;
				CLANG_WARN_NON_LITERAL_NULL_CONVERSION = YES;
				CLANG_WARN_OBJC_IMPLICIT_RETAIN_SELF = YES;
				CLANG_WARN_OBJC_LITERAL_CONVERSION = YES;
				CLANG_WARN_OBJC_ROOT_CLASS = YES_ERROR;
				CLANG_WARN_QUOTED_INCLUDE_IN_FRAMEWORK_HEADER = YES;
				CLANG_WARN_RANGE_LOOP_ANALYSIS = YES;
				CLANG_WARN_STRICT_PROTOTYPES = YES;
				CLANG_WARN_SUSPICIOUS_MOVE = YES;
				CLANG_WARN_UNGUARDED_AVAILABILITY = YES_AGGRESSIVE;
				CLANG_WARN_UNREACHABLE_CODE = YES;
				CLANG_WARN__DUPLICATE_METHOD_MATCH = YES;
				COPY_PHASE_STRIP = NO;
				DEBUG_INFORMATION_FORMAT = "dwarf-with-dsym";
				ENABLE_NS_ASSERTIONS = NO;
				ENABLE_STRICT_OBJC_MSGSEND = YES;
				ENABLE_USER_SCRIPT_SANDBOXING = YES;
				GCC_C_LANGUAGE_STANDARD = gnu17;
				GCC_NO_COMMON_BLOCKS = YES;
				GCC_WARN_64_TO_32_BIT_CONVERSION = YES;
				GCC_WARN_ABOUT_RETURN_TYPE = YES_ERROR;
				GCC_WARN_UNDECLARED_SELECTOR = YES;
				GCC_WARN_UNINITIALIZED_AUTOS = YES_AGGRESSIVE;
				GCC_WARN_UNUSED_FUNCTION = YES;
				GCC_WARN_UNUSED_VARIABLE = YES;
				IPHONEOS_DEPLOYMENT_TARGET = 17.5;
				LOCALIZATION_PREFERS_STRING_CATALOGS = YES;
				MTL_ENABLE_DEBUG_INFO = NO;
				MTL_FAST_MATH = YES;
				SDKROOT = iphoneos;
				SWIFT_COMPILATION_MODE = wholemodule;
				VALIDATE_PRODUCT = YES;
			};
			name = Release;
		};
		45D791882C7158000047F449 /* Debug */ = {
			isa = XCBuildConfiguration;
			buildSettings = {
				ASSETCATALOG_COMPILER_APPICON_NAME = AppIcon;
				ASSETCATALOG_COMPILER_GLOBAL_ACCENT_COLOR_NAME = AccentColor;
				CODE_SIGN_STYLE = Automatic;
				CURRENT_PROJECT_VERSION = 1;
				GENERATE_INFOPLIST_FILE = YES;
				INFOPLIST_FILE = WeatherApplicaiton/Info.plist;
				INFOPLIST_KEY_UIApplicationSupportsIndirectInputEvents = YES;
				INFOPLIST_KEY_UILaunchStoryboardName = LaunchScreen;
				INFOPLIST_KEY_UIMainStoryboardFile = Main;
				INFOPLIST_KEY_UISupportedInterfaceOrientations_iPad = "UIInterfaceOrientationPortrait UIInterfaceOrientationPortraitUpsideDown UIInterfaceOrientationLandscapeLeft UIInterfaceOrientationLandscapeRight";
				INFOPLIST_KEY_UISupportedInterfaceOrientations_iPhone = "UIInterfaceOrientationPortrait UIInterfaceOrientationLandscapeLeft UIInterfaceOrientationLandscapeRight";
				LD_RUNPATH_SEARCH_PATHS = (
					"$(inherited)",
					"@executable_path/Frameworks",
				);
				MARKETING_VERSION = 1.0;
				PRODUCT_BUNDLE_IDENTIFIER = com.Project.WeatherApplicaiton;
				PRODUCT_NAME = "$(TARGET_NAME)";
				SWIFT_EMIT_LOC_STRINGS = YES;
				SWIFT_VERSION = 5.0;
				TARGETED_DEVICE_FAMILY = "1,2";
			};
			name = Debug;
		};
		45D791892C7158000047F449 /* Release */ = {
			isa = XCBuildConfiguration;
			buildSettings = {
				ASSETCATALOG_COMPILER_APPICON_NAME = AppIcon;
				ASSETCATALOG_COMPILER_GLOBAL_ACCENT_COLOR_NAME = AccentColor;
				CODE_SIGN_STYLE = Automatic;
				CURRENT_PROJECT_VERSION = 1;
				GENERATE_INFOPLIST_FILE = YES;
				INFOPLIST_FILE = WeatherApplicaiton/Info.plist;
				INFOPLIST_KEY_UIApplicationSupportsIndirectInputEvents = YES;
				INFOPLIST_KEY_UILaunchStoryboardName = LaunchScreen;
				INFOPLIST_KEY_UIMainStoryboardFile = Main;
				INFOPLIST_KEY_UISupportedInterfaceOrientations_iPad = "UIInterfaceOrientationPortrait UIInterfaceOrientationPortraitUpsideDown UIInterfaceOrientationLandscapeLeft UIInterfaceOrientationLandscapeRight";
				INFOPLIST_KEY_UISupportedInterfaceOrientations_iPhone = "UIInterfaceOrientationPortrait UIInterfaceOrientationLandscapeLeft UIInterfaceOrientationLandscapeRight";
				LD_RUNPATH_SEARCH_PATHS = (
					"$(inherited)",
					"@executable_path/Frameworks",
				);
				MARKETING_VERSION = 1.0;
				PRODUCT_BUNDLE_IDENTIFIER = com.Project.WeatherApplicaiton;
				PRODUCT_NAME = "$(TARGET_NAME)";
				SWIFT_EMIT_LOC_STRINGS = YES;
				SWIFT_VERSION = 5.0;
				TARGETED_DEVICE_FAMILY = "1,2";
			};
			name = Release;
		};
		45D7918B2C7158000047F449 /* Debug */ = {
			isa = XCBuildConfiguration;
			buildSettings = {
				ALWAYS_EMBED_SWIFT_STANDARD_LIBRARIES = YES;
				BUNDLE_LOADER = "$(TEST_HOST)";
				CODE_SIGN_STYLE = Automatic;
				CURRENT_PROJECT_VERSION = 1;
				GENERATE_INFOPLIST_FILE = YES;
				IPHONEOS_DEPLOYMENT_TARGET = 17.5;
				MARKETING_VERSION = 1.0;
				PRODUCT_BUNDLE_IDENTIFIER = com.Project.WeatherApplicaitonTests;
				PRODUCT_NAME = "$(TARGET_NAME)";
				SWIFT_EMIT_LOC_STRINGS = NO;
				SWIFT_VERSION = 5.0;
				TARGETED_DEVICE_FAMILY = "1,2";
				TEST_HOST = "$(BUILT_PRODUCTS_DIR)/WeatherApplicaiton.app/$(BUNDLE_EXECUTABLE_FOLDER_PATH)/WeatherApplicaiton";
			};
			name = Debug;
		};
		45D7918C2C7158000047F449 /* Release */ = {
			isa = XCBuildConfiguration;
			buildSettings = {
				ALWAYS_EMBED_SWIFT_STANDARD_LIBRARIES = YES;
				BUNDLE_LOADER = "$(TEST_HOST)";
				CODE_SIGN_STYLE = Automatic;
				CURRENT_PROJECT_VERSION = 1;
				GENERATE_INFOPLIST_FILE = YES;
				IPHONEOS_DEPLOYMENT_TARGET = 17.5;
				MARKETING_VERSION = 1.0;
				PRODUCT_BUNDLE_IDENTIFIER = com.Project.WeatherApplicaitonTests;
				PRODUCT_NAME = "$(TARGET_NAME)";
				SWIFT_EMIT_LOC_STRINGS = NO;
				SWIFT_VERSION = 5.0;
				TARGETED_DEVICE_FAMILY = "1,2";
				TEST_HOST = "$(BUILT_PRODUCTS_DIR)/WeatherApplicaiton.app/$(BUNDLE_EXECUTABLE_FOLDER_PATH)/WeatherApplicaiton";
			};
			name = Release;
		};
		45D7918E2C7158000047F449 /* Debug */ = {
			isa = XCBuildConfiguration;
			buildSettings = {
				ALWAYS_EMBED_SWIFT_STANDARD_LIBRARIES = YES;
				CODE_SIGN_STYLE = Automatic;
				CURRENT_PROJECT_VERSION = 1;
				GENERATE_INFOPLIST_FILE = YES;
				MARKETING_VERSION = 1.0;
				PRODUCT_BUNDLE_IDENTIFIER = com.Project.WeatherApplicaitonUITests;
				PRODUCT_NAME = "$(TARGET_NAME)";
				SWIFT_EMIT_LOC_STRINGS = NO;
				SWIFT_VERSION = 5.0;
				TARGETED_DEVICE_FAMILY = "1,2";
				TEST_TARGET_NAME = WeatherApplicaiton;
			};
			name = Debug;
		};
		45D7918F2C7158000047F449 /* Release */ = {
			isa = XCBuildConfiguration;
			buildSettings = {
				ALWAYS_EMBED_SWIFT_STANDARD_LIBRARIES = YES;
				CODE_SIGN_STYLE = Automatic;
				CURRENT_PROJECT_VERSION = 1;
				GENERATE_INFOPLIST_FILE = YES;
				MARKETING_VERSION = 1.0;
				PRODUCT_BUNDLE_IDENTIFIER = com.Project.WeatherApplicaitonUITests;
				PRODUCT_NAME = "$(TARGET_NAME)";
				SWIFT_EMIT_LOC_STRINGS = NO;
				SWIFT_VERSION = 5.0;
				TARGETED_DEVICE_FAMILY = "1,2";
				TEST_TARGET_NAME = WeatherApplicaiton;
			};
			name = Release;
		};
/* End XCBuildConfiguration section */

/* Begin XCConfigurationList section */
		45D791582C7157FF0047F449 /* Build configuration list for PBXProject "WeatherApplicaiton" */ = {
			isa = XCConfigurationList;
			buildConfigurations = (
				45D791852C7158000047F449 /* Debug */,
				45D791862C7158000047F449 /* Release */,
			);
			defaultConfigurationIsVisible = 0;
			defaultConfigurationName = Release;
		};
		45D791872C7158000047F449 /* Build configuration list for PBXNativeTarget "WeatherApplicaiton" */ = {
			isa = XCConfigurationList;
			buildConfigurations = (
				45D791882C7158000047F449 /* Debug */,
				45D791892C7158000047F449 /* Release */,
			);
			defaultConfigurationIsVisible = 0;
			defaultConfigurationName = Release;
		};
		45D7918A2C7158000047F449 /* Build configuration list for PBXNativeTarget "WeatherApplicaitonTests" */ = {
			isa = XCConfigurationList;
			buildConfigurations = (
				45D7918B2C7158000047F449 /* Debug */,
				45D7918C2C7158000047F449 /* Release */,
			);
			defaultConfigurationIsVisible = 0;
			defaultConfigurationName = Release;
		};
		45D7918D2C7158000047F449 /* Build configuration list for PBXNativeTarget "WeatherApplicaitonUITests" */ = {
			isa = XCConfigurationList;
			buildConfigurations = (
				45D7918E2C7158000047F449 /* Debug */,
				45D7918F2C7158000047F449 /* Release */,
			);
			defaultConfigurationIsVisible = 0;
			defaultConfigurationName = Release;
		};
/* End XCConfigurationList section */
	};
	rootObject = 45D791552C7157FF0047F449 /* Project object */;
}
